
Microsoft Visual Studio Solution File, Format Version 12.00
# Visual Studio Version 16
VisualStudioVersion = 16.0.30002.166
MinimumVisualStudioVersion = 15.0.26124.0
Project("{2150E333-8FDC-42A3-9474-1A3956D46DE8}") = "src", "src", "{69FDA16C-F20D-4D1A-A3CD-02A94656800D}"
EndProject
Project("{9A19103F-16F7-4668-BE54-9A1E7A4F7556}") = "NCollection", "src\NCollection\NCollection.csproj", "{32C4E122-4C60-445F-8FAA-BD4B0CFA0AEE}"
EndProject
Project("{2150E333-8FDC-42A3-9474-1A3956D46DE8}") = "tests", "tests", "{5141BD37-AD8C-4F21-A557-15A26F8E5364}"
EndProject
Project("{9A19103F-16F7-4668-BE54-9A1E7A4F7556}") = "NCollection.Test", "tests\NCollection.Test\NCollection.Test.csproj", "{FCF0A588-04A7-4CD4-A2D4-70D4B588E815}"
EndProject
Project("{9A19103F-16F7-4668-BE54-9A1E7A4F7556}") = "_build", "build\_build.csproj", "{BB899C02-E96F-450C-9FFE-29987A5D342A}"
EndProject
Project("{2150E333-8FDC-42A3-9474-1A3956D46DE8}") = "Solution Items", "Solution Items", "{A7E8BF01-CC2D-48EF-9D84-AEF75D874AB1}"
ProjectSection(SolutionItems) = preProject
	build.cmd = build.cmd
	build.ps1 = build.ps1
	build.sh = build.sh
	global.json = global.json
	LICENSE = LICENSE
	GitVersion.yml = GitVersion.yml
	.travis.yml = .travis.yml
	README.md = README.md
	.editorconfig = .editorconfig
EndProjectSection
EndProject
Global
	GlobalSection(SolutionConfigurationPlatforms) = preSolution
		Debug|Any CPU = Debug|Any CPU
		Debug|x64 = Debug|x64
		Debug|x86 = Debug|x86
		Release|Any CPU = Release|Any CPU
		Release|x64 = Release|x64
		Release|x86 = Release|x86
	EndGlobalSection
	GlobalSection(ProjectConfigurationPlatforms) = postSolution
		{32C4E122-4C60-445F-8FAA-BD4B0CFA0AEE}.Debug|Any CPU.ActiveCfg = Debug|Any CPU
		{32C4E122-4C60-445F-8FAA-BD4B0CFA0AEE}.Debug|Any CPU.Build.0 = Debug|Any CPU
		{32C4E122-4C60-445F-8FAA-BD4B0CFA0AEE}.Debug|x64.ActiveCfg = Debug|Any CPU
		{32C4E122-4C60-445F-8FAA-BD4B0CFA0AEE}.Debug|x64.Build.0 = Debug|Any CPU
		{32C4E122-4C60-445F-8FAA-BD4B0CFA0AEE}.Debug|x86.ActiveCfg = Debug|Any CPU
		{32C4E122-4C60-445F-8FAA-BD4B0CFA0AEE}.Debug|x86.Build.0 = Debug|Any CPU
		{32C4E122-4C60-445F-8FAA-BD4B0CFA0AEE}.Release|Any CPU.ActiveCfg = Release|Any CPU
		{32C4E122-4C60-445F-8FAA-BD4B0CFA0AEE}.Release|Any CPU.Build.0 = Release|Any CPU
		{32C4E122-4C60-445F-8FAA-BD4B0CFA0AEE}.Release|x64.ActiveCfg = Release|Any CPU
		{32C4E122-4C60-445F-8FAA-BD4B0CFA0AEE}.Release|x64.Build.0 = Release|Any CPU
		{32C4E122-4C60-445F-8FAA-BD4B0CFA0AEE}.Release|x86.ActiveCfg = Release|Any CPU
		{32C4E122-4C60-445F-8FAA-BD4B0CFA0AEE}.Release|x86.Build.0 = Release|Any CPU
		{FCF0A588-04A7-4CD4-A2D4-70D4B588E815}.Debug|Any CPU.ActiveCfg = Debug|Any CPU
		{FCF0A588-04A7-4CD4-A2D4-70D4B588E815}.Debug|Any CPU.Build.0 = Debug|Any CPU
		{FCF0A588-04A7-4CD4-A2D4-70D4B588E815}.Debug|x64.ActiveCfg = Debug|Any CPU
		{FCF0A588-04A7-4CD4-A2D4-70D4B588E815}.Debug|x64.Build.0 = Debug|Any CPU
		{FCF0A588-04A7-4CD4-A2D4-70D4B588E815}.Debug|x86.ActiveCfg = Debug|Any CPU
		{FCF0A588-04A7-4CD4-A2D4-70D4B588E815}.Debug|x86.Build.0 = Debug|Any CPU
		{FCF0A588-04A7-4CD4-A2D4-70D4B588E815}.Release|Any CPU.ActiveCfg = Release|Any CPU
		{FCF0A588-04A7-4CD4-A2D4-70D4B588E815}.Release|Any CPU.Build.0 = Release|Any CPU
		{FCF0A588-04A7-4CD4-A2D4-70D4B588E815}.Release|x64.ActiveCfg = Release|Any CPU
		{FCF0A588-04A7-4CD4-A2D4-70D4B588E815}.Release|x64.Build.0 = Release|Any CPU
		{FCF0A588-04A7-4CD4-A2D4-70D4B588E815}.Release|x86.ActiveCfg = Release|Any CPU
		{FCF0A588-04A7-4CD4-A2D4-70D4B588E815}.Release|x86.Build.0 = Release|Any CPU
		{BB899C02-E96F-450C-9FFE-29987A5D342A}.Debug|Any CPU.ActiveCfg = Debug|Any CPU
		{BB899C02-E96F-450C-9FFE-29987A5D342A}.Debug|x64.ActiveCfg = Debug|Any CPU
		{BB899C02-E96F-450C-9FFE-29987A5D342A}.Debug|x64.Build.0 = Debug|Any CPU
		{BB899C02-E96F-450C-9FFE-29987A5D342A}.Debug|x86.ActiveCfg = Debug|Any CPU
		{BB899C02-E96F-450C-9FFE-29987A5D342A}.Debug|x86.Build.0 = Debug|Any CPU
		{BB899C02-E96F-450C-9FFE-29987A5D342A}.Release|Any CPU.ActiveCfg = Release|Any CPU
		{BB899C02-E96F-450C-9FFE-29987A5D342A}.Release|x64.ActiveCfg = Release|Any CPU
		{BB899C02-E96F-450C-9FFE-29987A5D342A}.Release|x64.Build.0 = Release|Any CPU
		{BB899C02-E96F-450C-9FFE-29987A5D342A}.Release|x86.ActiveCfg = Release|Any CPU
		{BB899C02-E96F-450C-9FFE-29987A5D342A}.Release|x86.Build.0 = Release|Any CPU
	EndGlobalSection
	GlobalSection(SolutionProperties) = preSolution
		HideSolutionNode = FALSE
	EndGlobalSection
	GlobalSection(NestedProjects) = preSolution
		{32C4E122-4C60-445F-8FAA-BD4B0CFA0AEE} = {69FDA16C-F20D-4D1A-A3CD-02A94656800D}
		{FCF0A588-04A7-4CD4-A2D4-70D4B588E815} = {5141BD37-AD8C-4F21-A557-15A26F8E5364}
	EndGlobalSection
	GlobalSection(ExtensibilityGlobals) = postSolution
		SolutionGuid = {19098C44-23B2-4DA3-B114-F9B00A735A3D}
	EndGlobalSection
EndGlobal
