
Microsoft Visual Studio Solution File, Format Version 12.00
# Visual Studio 15
VisualStudioVersion = 15.0.26124.0
MinimumVisualStudioVersion = 15.0.26124.0
Project("{2150E333-8FDC-42A3-9474-1A3956D46DE8}") = "src", "src", "{69FDA16C-F20D-4D1A-A3CD-02A94656800D}"
EndProject
Project("{FAE04EC0-301F-11D3-BF4B-00C04F79EFBC}") = "NCollection", "src\NCollection\NCollection.csproj", "{32C4E122-4C60-445F-8FAA-BD4B0CFA0AEE}"
EndProject
Project("{2150E333-8FDC-42A3-9474-1A3956D46DE8}") = "test", "test", "{BCBCD54B-9416-45AA-89DA-393E480F63AE}"
EndProject
Project("{FAE04EC0-301F-11D3-BF4B-00C04F79EFBC}") = "NCollection.Test", "test\NCollection.Test\NCollection.Test.csproj", "{0346A3B8-C844-4E80-AC56-418EDBBBE0A2}"
EndProject
Global
	GlobalSection(SolutionConfigurationPlatforms) = preSolution
		Debug|Any CPU = Debug|Any CPU
		Debug|x64 = Debug|x64
		Debug|x86 = Debug|x86
		Release|Any CPU = Release|Any CPU
		Release|x64 = Release|x64
		Release|x86 = Release|x86
	EndGlobalSection
	GlobalSection(SolutionProperties) = preSolution
		HideSolutionNode = FALSE
	EndGlobalSection
	GlobalSection(ProjectConfigurationPlatforms) = postSolution
		{32C4E122-4C60-445F-8FAA-BD4B0CFA0AEE}.Debug|Any CPU.ActiveCfg = Debug|Any CPU
		{32C4E122-4C60-445F-8FAA-BD4B0CFA0AEE}.Debug|Any CPU.Build.0 = Debug|Any CPU
		{32C4E122-4C60-445F-8FAA-BD4B0CFA0AEE}.Debug|x64.ActiveCfg = Debug|Any CPU
		{32C4E122-4C60-445F-8FAA-BD4B0CFA0AEE}.Debug|x64.Build.0 = Debug|Any CPU
		{32C4E122-4C60-445F-8FAA-BD4B0CFA0AEE}.Debug|x86.ActiveCfg = Debug|Any CPU
		{32C4E122-4C60-445F-8FAA-BD4B0CFA0AEE}.Debug|x86.Build.0 = Debug|Any CPU
		{32C4E122-4C60-445F-8FAA-BD4B0CFA0AEE}.Release|Any CPU.ActiveCfg = Release|Any CPU
		{32C4E122-4C60-445F-8FAA-BD4B0CFA0AEE}.Release|Any CPU.Build.0 = Release|Any CPU
		{32C4E122-4C60-445F-8FAA-BD4B0CFA0AEE}.Release|x64.ActiveCfg = Release|Any CPU
		{32C4E122-4C60-445F-8FAA-BD4B0CFA0AEE}.Release|x64.Build.0 = Release|Any CPU
		{32C4E122-4C60-445F-8FAA-BD4B0CFA0AEE}.Release|x86.ActiveCfg = Release|Any CPU
		{32C4E122-4C60-445F-8FAA-BD4B0CFA0AEE}.Release|x86.Build.0 = Release|Any CPU
		{0346A3B8-C844-4E80-AC56-418EDBBBE0A2}.Debug|Any CPU.ActiveCfg = Debug|Any CPU
		{0346A3B8-C844-4E80-AC56-418EDBBBE0A2}.Debug|Any CPU.Build.0 = Debug|Any CPU
		{0346A3B8-C844-4E80-AC56-418EDBBBE0A2}.Debug|x64.ActiveCfg = Debug|Any CPU
		{0346A3B8-C844-4E80-AC56-418EDBBBE0A2}.Debug|x64.Build.0 = Debug|Any CPU
		{0346A3B8-C844-4E80-AC56-418EDBBBE0A2}.Debug|x86.ActiveCfg = Debug|Any CPU
		{0346A3B8-C844-4E80-AC56-418EDBBBE0A2}.Debug|x86.Build.0 = Debug|Any CPU
		{0346A3B8-C844-4E80-AC56-418EDBBBE0A2}.Release|Any CPU.ActiveCfg = Release|Any CPU
		{0346A3B8-C844-4E80-AC56-418EDBBBE0A2}.Release|Any CPU.Build.0 = Release|Any CPU
		{0346A3B8-C844-4E80-AC56-418EDBBBE0A2}.Release|x64.ActiveCfg = Release|Any CPU
		{0346A3B8-C844-4E80-AC56-418EDBBBE0A2}.Release|x64.Build.0 = Release|Any CPU
		{0346A3B8-C844-4E80-AC56-418EDBBBE0A2}.Release|x86.ActiveCfg = Release|Any CPU
		{0346A3B8-C844-4E80-AC56-418EDBBBE0A2}.Release|x86.Build.0 = Release|Any CPU
	EndGlobalSection
	GlobalSection(NestedProjects) = preSolution
		{32C4E122-4C60-445F-8FAA-BD4B0CFA0AEE} = {69FDA16C-F20D-4D1A-A3CD-02A94656800D}
		{0346A3B8-C844-4E80-AC56-418EDBBBE0A2} = {BCBCD54B-9416-45AA-89DA-393E480F63AE}
	EndGlobalSection
EndGlobal
